
Microsoft Visual Studio Solution File, Format Version 12.00
# Visual Studio 15
VisualStudioVersion = 15.0.26730.15
MinimumVisualStudioVersion = 10.0.40219.1
Project("{9A19103F-16F7-4668-BE54-9A1E7A4F7556}") = "AspNet.Core.Grid", "AspNet.Core.Grid.csproj", "{20B17EDC-7829-49D5-8113-02FF37B1BDF5}"
EndProject
Global
	GlobalSection(SolutionConfigurationPlatforms) = preSolution
		Debug|Any CPU = Debug|Any CPU
		Release|Any CPU = Release|Any CPU
	EndGlobalSection
	GlobalSection(ProjectConfigurationPlatforms) = postSolution
		{20B17EDC-7829-49D5-8113-02FF37B1BDF5}.Debug|Any CPU.ActiveCfg = Debug|Any CPU
		{20B17EDC-7829-49D5-8113-02FF37B1BDF5}.Debug|Any CPU.Build.0 = Debug|Any CPU
		{20B17EDC-7829-49D5-8113-02FF37B1BDF5}.Release|Any CPU.ActiveCfg = Release|Any CPU
		{20B17EDC-7829-49D5-8113-02FF37B1BDF5}.Release|Any CPU.Build.0 = Release|Any CPU
	EndGlobalSection
	GlobalSection(SolutionProperties) = preSolution
		HideSolutionNode = FALSE
	EndGlobalSection
	GlobalSection(ExtensibilityGlobals) = postSolution
		SolutionGuid = {72B0CFBD-D0AE-4A71-88B6-1BD23EF381C0}
	EndGlobalSection
EndGlobal
